
Microsoft Visual Studio Solution File, Format Version 12.00
# Visual Studio Version 16
VisualStudioVersion = 16.0.29806.167
MinimumVisualStudioVersion = 10.0.40219.1
Project("{FAE04EC0-301F-11D3-BF4B-00C04F79EFBC}") = "DataAccess", "DataAccess\DataAccess.csproj", "{EE8E8468-D70B-4BA8-A715-A949EF798806}"
EndProject
Project("{FAE04EC0-301F-11D3-BF4B-00C04F79EFBC}") = "Entities", "Entities\Entities.csproj", "{9430D350-7B7C-4ED0-B39B-7D34DDEE0A2B}"
EndProject
Project("{FAE04EC0-301F-11D3-BF4B-00C04F79EFBC}") = "Business", "Business\Business.csproj", "{75552860-CA48-46AB-B799-43C23CD0FA81}"
EndProject
Project("{FAE04EC0-301F-11D3-BF4B-00C04F79EFBC}") = "ConsoleUI", "ConsoleUI\ConsoleUI.csproj", "{5989C305-E1D5-4D20-A420-350EECC2F51C}"
EndProject
Global
	GlobalSection(SolutionConfigurationPlatforms) = preSolution
		Debug|Any CPU = Debug|Any CPU
		Release|Any CPU = Release|Any CPU
	EndGlobalSection
	GlobalSection(ProjectConfigurationPlatforms) = postSolution
		{EE8E8468-D70B-4BA8-A715-A949EF798806}.Debug|Any CPU.ActiveCfg = Debug|Any CPU
		{EE8E8468-D70B-4BA8-A715-A949EF798806}.Debug|Any CPU.Build.0 = Debug|Any CPU
		{EE8E8468-D70B-4BA8-A715-A949EF798806}.Release|Any CPU.ActiveCfg = Release|Any CPU
		{EE8E8468-D70B-4BA8-A715-A949EF798806}.Release|Any CPU.Build.0 = Release|Any CPU
		{9430D350-7B7C-4ED0-B39B-7D34DDEE0A2B}.Debug|Any CPU.ActiveCfg = Debug|Any CPU
		{9430D350-7B7C-4ED0-B39B-7D34DDEE0A2B}.Debug|Any CPU.Build.0 = Debug|Any CPU
		{9430D350-7B7C-4ED0-B39B-7D34DDEE0A2B}.Release|Any CPU.ActiveCfg = Release|Any CPU
		{9430D350-7B7C-4ED0-B39B-7D34DDEE0A2B}.Release|Any CPU.Build.0 = Release|Any CPU
		{75552860-CA48-46AB-B799-43C23CD0FA81}.Debug|Any CPU.ActiveCfg = Debug|Any CPU
		{75552860-CA48-46AB-B799-43C23CD0FA81}.Debug|Any CPU.Build.0 = Debug|Any CPU
		{75552860-CA48-46AB-B799-43C23CD0FA81}.Release|Any CPU.ActiveCfg = Release|Any CPU
		{75552860-CA48-46AB-B799-43C23CD0FA81}.Release|Any CPU.Build.0 = Release|Any CPU
		{5989C305-E1D5-4D20-A420-350EECC2F51C}.Debug|Any CPU.ActiveCfg = Debug|Any CPU
		{5989C305-E1D5-4D20-A420-350EECC2F51C}.Debug|Any CPU.Build.0 = Debug|Any CPU
		{5989C305-E1D5-4D20-A420-350EECC2F51C}.Release|Any CPU.ActiveCfg = Release|Any CPU
		{5989C305-E1D5-4D20-A420-350EECC2F51C}.Release|Any CPU.Build.0 = Release|Any CPU
	EndGlobalSection
	GlobalSection(SolutionProperties) = preSolution
		HideSolutionNode = FALSE
	EndGlobalSection
	GlobalSection(ExtensibilityGlobals) = postSolution
		SolutionGuid = {7BE62405-A3F8-4631-AA5F-FE4C9E3F39EB}
	EndGlobalSection
EndGlobal
